
Microsoft Visual Studio Solution File, Format Version 12.00
# Visual Studio Version 17
VisualStudioVersion = 17.13.35825.156
MinimumVisualStudioVersion = 10.0.40219.1
Project("{FAE04EC0-301F-11D3-BF4B-00C04F79EFBC}") = "HelpDeskLogsoft", "HelpDeskLogsoft.csproj", "{AEBDB0FF-3EA0-4A2F-9E93-85080700BF98}"
EndProject
Global
	GlobalSection(SolutionConfigurationPlatforms) = preSolution
		Debug|Any CPU = Debug|Any CPU
		Release|Any CPU = Release|Any CPU
	EndGlobalSection
	GlobalSection(ProjectConfigurationPlatforms) = postSolution
		{AEBDB0FF-3EA0-4A2F-9E93-85080700BF98}.Debug|Any CPU.ActiveCfg = Debug|Any CPU
		{AEBDB0FF-3EA0-4A2F-9E93-85080700BF98}.Debug|Any CPU.Build.0 = Debug|Any CPU
		{AEBDB0FF-3EA0-4A2F-9E93-85080700BF98}.Release|Any CPU.ActiveCfg = Release|Any CPU
		{AEBDB0FF-3EA0-4A2F-9E93-85080700BF98}.Release|Any CPU.Build.0 = Release|Any CPU
	EndGlobalSection
	GlobalSection(SolutionProperties) = preSolution
		HideSolutionNode = FALSE
	EndGlobalSection
	GlobalSection(ExtensibilityGlobals) = postSolution
		SolutionGuid = {F13EA1B8-B2B7-4A3F-A516-6DED29864749}
	EndGlobalSection
EndGlobal
